
Microsoft Visual Studio Solution File, Format Version 12.00
# Visual Studio Version 17
VisualStudioVersion = 17.14.36301.6 d17.14
MinimumVisualStudioVersion = 10.0.40219.1
Project("{FAE04EC0-301F-11D3-BF4B-00C04F79EFBC}") = "BankaAPI", "BankaAPI\BankaAPI.csproj", "{27B6E077-9E1B-4BE3-9718-EFD3D0F0F2F4}"
EndProject
Global
	GlobalSection(SolutionConfigurationPlatforms) = preSolution
		Debug|Any CPU = Debug|Any CPU
		Release|Any CPU = Release|Any CPU
	EndGlobalSection
	GlobalSection(ProjectConfigurationPlatforms) = postSolution
		{27B6E077-9E1B-4BE3-9718-EFD3D0F0F2F4}.Debug|Any CPU.ActiveCfg = Debug|Any CPU
		{27B6E077-9E1B-4BE3-9718-EFD3D0F0F2F4}.Debug|Any CPU.Build.0 = Debug|Any CPU
		{27B6E077-9E1B-4BE3-9718-EFD3D0F0F2F4}.Release|Any CPU.ActiveCfg = Release|Any CPU
		{27B6E077-9E1B-4BE3-9718-EFD3D0F0F2F4}.Release|Any CPU.Build.0 = Release|Any CPU
	EndGlobalSection
	GlobalSection(SolutionProperties) = preSolution
		HideSolutionNode = FALSE
	EndGlobalSection
	GlobalSection(ExtensibilityGlobals) = postSolution
		SolutionGuid = {53F662AA-33E6-4BE7-8E85-FED9DBD70C86}
	EndGlobalSection
EndGlobal
